
Microsoft Visual Studio Solution File, Format Version 12.00
# Visual Studio Version 16
VisualStudioVersion = 16.0.31515.178
MinimumVisualStudioVersion = 10.0.40219.1
Project("{888888A0-9F3D-457C-B088-3A5042F75D52}") = "StringsAndDatesLab2", "StringsAndDatesLab2\StringsAndDatesLab2.pyproj", "{CD9CB1E5-3526-4E31-8E6D-F80374DAB042}"
EndProject
Global
	GlobalSection(SolutionConfigurationPlatforms) = preSolution
		Debug|Any CPU = Debug|Any CPU
		Release|Any CPU = Release|Any CPU
	EndGlobalSection
	GlobalSection(ProjectConfigurationPlatforms) = postSolution
		{CD9CB1E5-3526-4E31-8E6D-F80374DAB042}.Debug|Any CPU.ActiveCfg = Debug|Any CPU
		{CD9CB1E5-3526-4E31-8E6D-F80374DAB042}.Release|Any CPU.ActiveCfg = Release|Any CPU
	EndGlobalSection
	GlobalSection(SolutionProperties) = preSolution
		HideSolutionNode = FALSE
	EndGlobalSection
	GlobalSection(ExtensibilityGlobals) = postSolution
		SolutionGuid = {F99FA422-0CFD-4C3E-B0D2-22C42158DF75}
	EndGlobalSection
EndGlobal
